
Microsoft Visual Studio Solution File, Format Version 12.00
# Visual Studio 15
Project("{FAE04EC0-301F-11D3-BF4B-00C04F79EFBC}") = "Assembly-CSharp", "Assembly-CSharp.csproj", "{78CA8CE7-53CC-DFFF-B22A-CBE668D52C54}"
EndProject
Project("{FAE04EC0-301F-11D3-BF4B-00C04F79EFBC}") = "Assembly-CSharp-Editor", "Assembly-CSharp-Editor.csproj", "{DF960ABD-8C85-4EFA-457F-B18DB2A4AD3A}"
EndProject
Project("{FAE04EC0-301F-11D3-BF4B-00C04F79EFBC}") = "Assembly-CSharp", "Assembly-CSharp.Player.csproj", "{2A8F16FB-9CAC-73FB-8606-BD33AA432C7D}"
EndProject
Global
	GlobalSection(SolutionConfigurationPlatforms) = preSolution
		Debug|Any CPU = Debug|Any CPU
		Release|Any CPU = Release|Any CPU
	EndGlobalSection
	GlobalSection(ProjectConfigurationPlatforms) = postSolution
		{78CA8CE7-53CC-DFFF-B22A-CBE668D52C54}.Debug|Any CPU.ActiveCfg = Debug|Any CPU
		{78CA8CE7-53CC-DFFF-B22A-CBE668D52C54}.Debug|Any CPU.Build.0 = Debug|Any CPU
		{78CA8CE7-53CC-DFFF-B22A-CBE668D52C54}.Release|Any CPU.ActiveCfg = Release|Any CPU
		{78CA8CE7-53CC-DFFF-B22A-CBE668D52C54}.Release|Any CPU.Build.0 = Release|Any CPU
		{DF960ABD-8C85-4EFA-457F-B18DB2A4AD3A}.Debug|Any CPU.ActiveCfg = Debug|Any CPU
		{DF960ABD-8C85-4EFA-457F-B18DB2A4AD3A}.Debug|Any CPU.Build.0 = Debug|Any CPU
		{DF960ABD-8C85-4EFA-457F-B18DB2A4AD3A}.Release|Any CPU.ActiveCfg = Release|Any CPU
		{DF960ABD-8C85-4EFA-457F-B18DB2A4AD3A}.Release|Any CPU.Build.0 = Release|Any CPU
		{2A8F16FB-9CAC-73FB-8606-BD33AA432C7D}.Debug|Any CPU.ActiveCfg = Debug|Any CPU
		{2A8F16FB-9CAC-73FB-8606-BD33AA432C7D}.Debug|Any CPU.Build.0 = Debug|Any CPU
		{2A8F16FB-9CAC-73FB-8606-BD33AA432C7D}.Release|Any CPU.ActiveCfg = Release|Any CPU
		{2A8F16FB-9CAC-73FB-8606-BD33AA432C7D}.Release|Any CPU.Build.0 = Release|Any CPU
	EndGlobalSection
	GlobalSection(SolutionProperties) = preSolution
		HideSolutionNode = FALSE
	EndGlobalSection
EndGlobal
